
Microsoft Visual Studio Solution File, Format Version 12.00
# Visual Studio Version 16
VisualStudioVersion = 16.0.30309.148
MinimumVisualStudioVersion = 10.0.40219.1
Project("{9A19103F-16F7-4668-BE54-9A1E7A4F7556}") = "MicroCredentials", "MicroCredentials\MicroCredentials.csproj", "{62B9E961-0CD6-49FA-A5B7-62092630DFDE}"
EndProject
Project("{FAE04EC0-301F-11D3-BF4B-00C04F79EFBC}") = "APIGateway", "APIGateway\APIGateway.csproj", "{439AAC3F-FA02-44F9-8BEF-FC7C2757C9DE}"
EndProject
Project("{FAE04EC0-301F-11D3-BF4B-00C04F79EFBC}") = "UnitTest", "UnitTest\UnitTest.csproj", "{B4411649-42E1-424F-8EF5-B36713F8FCFA}"
EndProject
Global
	GlobalSection(SolutionConfigurationPlatforms) = preSolution
		Debug|Any CPU = Debug|Any CPU
		Release|Any CPU = Release|Any CPU
	EndGlobalSection
	GlobalSection(ProjectConfigurationPlatforms) = postSolution
		{62B9E961-0CD6-49FA-A5B7-62092630DFDE}.Debug|Any CPU.ActiveCfg = Debug|Any CPU
		{62B9E961-0CD6-49FA-A5B7-62092630DFDE}.Debug|Any CPU.Build.0 = Debug|Any CPU
		{62B9E961-0CD6-49FA-A5B7-62092630DFDE}.Release|Any CPU.ActiveCfg = Release|Any CPU
		{62B9E961-0CD6-49FA-A5B7-62092630DFDE}.Release|Any CPU.Build.0 = Release|Any CPU
		{439AAC3F-FA02-44F9-8BEF-FC7C2757C9DE}.Debug|Any CPU.ActiveCfg = Debug|Any CPU
		{439AAC3F-FA02-44F9-8BEF-FC7C2757C9DE}.Debug|Any CPU.Build.0 = Debug|Any CPU
		{439AAC3F-FA02-44F9-8BEF-FC7C2757C9DE}.Release|Any CPU.ActiveCfg = Release|Any CPU
		{439AAC3F-FA02-44F9-8BEF-FC7C2757C9DE}.Release|Any CPU.Build.0 = Release|Any CPU
		{B4411649-42E1-424F-8EF5-B36713F8FCFA}.Debug|Any CPU.ActiveCfg = Debug|Any CPU
		{B4411649-42E1-424F-8EF5-B36713F8FCFA}.Debug|Any CPU.Build.0 = Debug|Any CPU
		{B4411649-42E1-424F-8EF5-B36713F8FCFA}.Release|Any CPU.ActiveCfg = Release|Any CPU
		{B4411649-42E1-424F-8EF5-B36713F8FCFA}.Release|Any CPU.Build.0 = Release|Any CPU
	EndGlobalSection
	GlobalSection(SolutionProperties) = preSolution
		HideSolutionNode = FALSE
	EndGlobalSection
	GlobalSection(ExtensibilityGlobals) = postSolution
		SolutionGuid = {62EC12A4-B1B8-4EFE-AE56-6540BC43BB7F}
	EndGlobalSection
EndGlobal
